
Microsoft Visual Studio Solution File, Format Version 12.00
# Visual Studio 15
VisualStudioVersion = 15.0.26124.0
MinimumVisualStudioVersion = 15.0.26124.0
Project("{2150E333-8FDC-42A3-9474-1A3956D46DE8}") = "src", "src", "{FDD2B5D4-890F-47B6-92E3-7FA117B8B2F0}"
EndProject
Project("{F2A71F9B-5D33-465A-A702-920D77279786}") = "ProjectEuler", "src\ProjectEuler\ProjectEuler.fsproj", "{D809EDE9-7A91-48FE-9FB3-2D1E7C2AC5A0}"
EndProject
Project("{2150E333-8FDC-42A3-9474-1A3956D46DE8}") = "tests", "tests", "{C893FD24-5572-4506-8C29-94373572C9D5}"
EndProject
Project("{F2A71F9B-5D33-465A-A702-920D77279786}") = "PorjectEuler.Tests", "tests\PorjectEuler.Tests\PorjectEuler.Tests.fsproj", "{7B4CF2AB-5FDE-48B9-915D-697BADDAED63}"
EndProject
Global
	GlobalSection(SolutionConfigurationPlatforms) = preSolution
		Debug|Any CPU = Debug|Any CPU
		Debug|x64 = Debug|x64
		Debug|x86 = Debug|x86
		Release|Any CPU = Release|Any CPU
		Release|x64 = Release|x64
		Release|x86 = Release|x86
	EndGlobalSection
	GlobalSection(SolutionProperties) = preSolution
		HideSolutionNode = FALSE
	EndGlobalSection
	GlobalSection(ProjectConfigurationPlatforms) = postSolution
		{D809EDE9-7A91-48FE-9FB3-2D1E7C2AC5A0}.Debug|Any CPU.ActiveCfg = Debug|Any CPU
		{D809EDE9-7A91-48FE-9FB3-2D1E7C2AC5A0}.Debug|Any CPU.Build.0 = Debug|Any CPU
		{D809EDE9-7A91-48FE-9FB3-2D1E7C2AC5A0}.Debug|x64.ActiveCfg = Debug|Any CPU
		{D809EDE9-7A91-48FE-9FB3-2D1E7C2AC5A0}.Debug|x64.Build.0 = Debug|Any CPU
		{D809EDE9-7A91-48FE-9FB3-2D1E7C2AC5A0}.Debug|x86.ActiveCfg = Debug|Any CPU
		{D809EDE9-7A91-48FE-9FB3-2D1E7C2AC5A0}.Debug|x86.Build.0 = Debug|Any CPU
		{D809EDE9-7A91-48FE-9FB3-2D1E7C2AC5A0}.Release|Any CPU.ActiveCfg = Release|Any CPU
		{D809EDE9-7A91-48FE-9FB3-2D1E7C2AC5A0}.Release|Any CPU.Build.0 = Release|Any CPU
		{D809EDE9-7A91-48FE-9FB3-2D1E7C2AC5A0}.Release|x64.ActiveCfg = Release|Any CPU
		{D809EDE9-7A91-48FE-9FB3-2D1E7C2AC5A0}.Release|x64.Build.0 = Release|Any CPU
		{D809EDE9-7A91-48FE-9FB3-2D1E7C2AC5A0}.Release|x86.ActiveCfg = Release|Any CPU
		{D809EDE9-7A91-48FE-9FB3-2D1E7C2AC5A0}.Release|x86.Build.0 = Release|Any CPU
		{7B4CF2AB-5FDE-48B9-915D-697BADDAED63}.Debug|Any CPU.ActiveCfg = Debug|Any CPU
		{7B4CF2AB-5FDE-48B9-915D-697BADDAED63}.Debug|Any CPU.Build.0 = Debug|Any CPU
		{7B4CF2AB-5FDE-48B9-915D-697BADDAED63}.Debug|x64.ActiveCfg = Debug|Any CPU
		{7B4CF2AB-5FDE-48B9-915D-697BADDAED63}.Debug|x64.Build.0 = Debug|Any CPU
		{7B4CF2AB-5FDE-48B9-915D-697BADDAED63}.Debug|x86.ActiveCfg = Debug|Any CPU
		{7B4CF2AB-5FDE-48B9-915D-697BADDAED63}.Debug|x86.Build.0 = Debug|Any CPU
		{7B4CF2AB-5FDE-48B9-915D-697BADDAED63}.Release|Any CPU.ActiveCfg = Release|Any CPU
		{7B4CF2AB-5FDE-48B9-915D-697BADDAED63}.Release|Any CPU.Build.0 = Release|Any CPU
		{7B4CF2AB-5FDE-48B9-915D-697BADDAED63}.Release|x64.ActiveCfg = Release|Any CPU
		{7B4CF2AB-5FDE-48B9-915D-697BADDAED63}.Release|x64.Build.0 = Release|Any CPU
		{7B4CF2AB-5FDE-48B9-915D-697BADDAED63}.Release|x86.ActiveCfg = Release|Any CPU
		{7B4CF2AB-5FDE-48B9-915D-697BADDAED63}.Release|x86.Build.0 = Release|Any CPU
	EndGlobalSection
	GlobalSection(NestedProjects) = preSolution
		{D809EDE9-7A91-48FE-9FB3-2D1E7C2AC5A0} = {FDD2B5D4-890F-47B6-92E3-7FA117B8B2F0}
		{7B4CF2AB-5FDE-48B9-915D-697BADDAED63} = {C893FD24-5572-4506-8C29-94373572C9D5}
	EndGlobalSection
EndGlobal
